
Microsoft Visual Studio Solution File, Format Version 12.00
# Visual Studio Version 16
VisualStudioVersion = 16.0.30330.147
MinimumVisualStudioVersion = 10.0.40219.1
Project("{9A19103F-16F7-4668-BE54-9A1E7A4F7556}") = "EMS.DLL", "EMS.DLL\EMS.DLL.csproj", "{6E45AB09-1D0B-44CD-A2D4-E1B661648B9B}"
EndProject
Project("{9A19103F-16F7-4668-BE54-9A1E7A4F7556}") = "EMS.BLL", "EMS.BLL\EMS.BLL.csproj", "{8441CF73-9493-4731-9D38-A32DEE419E55}"
EndProject
Project("{9A19103F-16F7-4668-BE54-9A1E7A4F7556}") = "EMS.Entity", "EMS.Entity\EMS.Entity.csproj", "{A5EE4035-E4D2-45E3-8F96-4FA4C3926BD4}"
EndProject
Project("{9A19103F-16F7-4668-BE54-9A1E7A4F7556}") = "EMS.Utilities", "EMS.Utilities\EMS.Utilities.csproj", "{32E626F1-E498-4DA1-950A-83288E5FAED0}"
EndProject
Project("{9A19103F-16F7-4668-BE54-9A1E7A4F7556}") = "EMS.Web", "EMS.Web\EMS.Web.csproj", "{5296A127-ABF1-4123-B00B-4B99D1A7A651}"
EndProject
Global
	GlobalSection(SolutionConfigurationPlatforms) = preSolution
		Debug|Any CPU = Debug|Any CPU
		Release|Any CPU = Release|Any CPU
	EndGlobalSection
	GlobalSection(ProjectConfigurationPlatforms) = postSolution
		{6E45AB09-1D0B-44CD-A2D4-E1B661648B9B}.Debug|Any CPU.ActiveCfg = Debug|Any CPU
		{6E45AB09-1D0B-44CD-A2D4-E1B661648B9B}.Debug|Any CPU.Build.0 = Debug|Any CPU
		{6E45AB09-1D0B-44CD-A2D4-E1B661648B9B}.Release|Any CPU.ActiveCfg = Release|Any CPU
		{6E45AB09-1D0B-44CD-A2D4-E1B661648B9B}.Release|Any CPU.Build.0 = Release|Any CPU
		{8441CF73-9493-4731-9D38-A32DEE419E55}.Debug|Any CPU.ActiveCfg = Debug|Any CPU
		{8441CF73-9493-4731-9D38-A32DEE419E55}.Debug|Any CPU.Build.0 = Debug|Any CPU
		{8441CF73-9493-4731-9D38-A32DEE419E55}.Release|Any CPU.ActiveCfg = Release|Any CPU
		{8441CF73-9493-4731-9D38-A32DEE419E55}.Release|Any CPU.Build.0 = Release|Any CPU
		{A5EE4035-E4D2-45E3-8F96-4FA4C3926BD4}.Debug|Any CPU.ActiveCfg = Debug|Any CPU
		{A5EE4035-E4D2-45E3-8F96-4FA4C3926BD4}.Debug|Any CPU.Build.0 = Debug|Any CPU
		{A5EE4035-E4D2-45E3-8F96-4FA4C3926BD4}.Release|Any CPU.ActiveCfg = Release|Any CPU
		{A5EE4035-E4D2-45E3-8F96-4FA4C3926BD4}.Release|Any CPU.Build.0 = Release|Any CPU
		{32E626F1-E498-4DA1-950A-83288E5FAED0}.Debug|Any CPU.ActiveCfg = Debug|Any CPU
		{32E626F1-E498-4DA1-950A-83288E5FAED0}.Debug|Any CPU.Build.0 = Debug|Any CPU
		{32E626F1-E498-4DA1-950A-83288E5FAED0}.Release|Any CPU.ActiveCfg = Release|Any CPU
		{32E626F1-E498-4DA1-950A-83288E5FAED0}.Release|Any CPU.Build.0 = Release|Any CPU
		{5296A127-ABF1-4123-B00B-4B99D1A7A651}.Debug|Any CPU.ActiveCfg = Debug|Any CPU
		{5296A127-ABF1-4123-B00B-4B99D1A7A651}.Debug|Any CPU.Build.0 = Debug|Any CPU
		{5296A127-ABF1-4123-B00B-4B99D1A7A651}.Release|Any CPU.ActiveCfg = Release|Any CPU
		{5296A127-ABF1-4123-B00B-4B99D1A7A651}.Release|Any CPU.Build.0 = Release|Any CPU
	EndGlobalSection
	GlobalSection(SolutionProperties) = preSolution
		HideSolutionNode = FALSE
	EndGlobalSection
	GlobalSection(ExtensibilityGlobals) = postSolution
		SolutionGuid = {CD5C3463-7C0F-4708-8FF4-77BEFEE397AF}
	EndGlobalSection
EndGlobal
